
Microsoft Visual Studio Solution File, Format Version 12.00
# Visual Studio Version 16
VisualStudioVersion = 16.0.30907.101
MinimumVisualStudioVersion = 10.0.40219.1
Project("{FAE04EC0-301F-11D3-BF4B-00C04F79EFBC}") = "Test_Interface_2", "Test_Interface_2\Test_Interface_2.csproj", "{8CF46688-6E61-4C7F-B141-36D640C54D64}"
EndProject
Global
	GlobalSection(SolutionConfigurationPlatforms) = preSolution
		Debug|Any CPU = Debug|Any CPU
		Release|Any CPU = Release|Any CPU
	EndGlobalSection
	GlobalSection(ProjectConfigurationPlatforms) = postSolution
		{8CF46688-6E61-4C7F-B141-36D640C54D64}.Debug|Any CPU.ActiveCfg = Debug|Any CPU
		{8CF46688-6E61-4C7F-B141-36D640C54D64}.Debug|Any CPU.Build.0 = Debug|Any CPU
		{8CF46688-6E61-4C7F-B141-36D640C54D64}.Release|Any CPU.ActiveCfg = Release|Any CPU
		{8CF46688-6E61-4C7F-B141-36D640C54D64}.Release|Any CPU.Build.0 = Release|Any CPU
	EndGlobalSection
	GlobalSection(SolutionProperties) = preSolution
		HideSolutionNode = FALSE
	EndGlobalSection
	GlobalSection(ExtensibilityGlobals) = postSolution
		SolutionGuid = {01BE1000-D7CC-46F4-97AD-ED0A3BC354AD}
	EndGlobalSection
EndGlobal
