
Microsoft Visual Studio Solution File, Format Version 12.00
# Visual Studio Version 16
VisualStudioVersion = 16.0.30907.101
MinimumVisualStudioVersion = 10.0.40219.1
Project("{FAE04EC0-301F-11D3-BF4B-00C04F79EFBC}") = "Account_Class_Final_01", "Account_Class_Final_01\Account_Class_Final_01.csproj", "{709AB6DA-20EB-4F7C-BD3D-505F0B88E068}"
EndProject
Global
	GlobalSection(SolutionConfigurationPlatforms) = preSolution
		Debug|Any CPU = Debug|Any CPU
		Release|Any CPU = Release|Any CPU
	EndGlobalSection
	GlobalSection(ProjectConfigurationPlatforms) = postSolution
		{709AB6DA-20EB-4F7C-BD3D-505F0B88E068}.Debug|Any CPU.ActiveCfg = Debug|Any CPU
		{709AB6DA-20EB-4F7C-BD3D-505F0B88E068}.Debug|Any CPU.Build.0 = Debug|Any CPU
		{709AB6DA-20EB-4F7C-BD3D-505F0B88E068}.Release|Any CPU.ActiveCfg = Release|Any CPU
		{709AB6DA-20EB-4F7C-BD3D-505F0B88E068}.Release|Any CPU.Build.0 = Release|Any CPU
	EndGlobalSection
	GlobalSection(SolutionProperties) = preSolution
		HideSolutionNode = FALSE
	EndGlobalSection
	GlobalSection(ExtensibilityGlobals) = postSolution
		SolutionGuid = {D0ADB38B-CCCA-472A-A35E-3ECD07A117DC}
	EndGlobalSection
EndGlobal
